<?xml version="1.0" encoding="utf-8"?>
<Project ToolsVersion="4.0" xmlns="http://schemas.microsoft.com/developer/msbuild/2003">
  <ItemGroup>
    <Filter Include="Source Files">
      <UniqueIdentifier>{4FC737F1-C7A5-4376-A066-2A32D752A2FF}</UniqueIdentifier>
      <Extensions>cpp;c;cc;cxx;c++;cppm;ixx;def;odl;idl;hpj;bat;asm;asmx</Extensions>
    </Filter>
    <Filter Include="Header Files">
      <UniqueIdentifier>{93995380-89BD-4b04-88EB-625FBE52EBFB}</UniqueIdentifier>
      <Extensions>h;hh;hpp;hxx;h++;hm;inl;inc;ipp;xsd</Extensions>
    </Filter>
    <Filter Include="Resource Files">
      <UniqueIdentifier>{67DA6AB6-F800-4c08-8B7A-83BB121AAD01}</UniqueIdentifier>
      <Extensions>rc;ico;cur;bmp;dlg;rc2;rct;bin;rgs;gif;jpg;jpeg;jpe;resx;tiff;tif;png;wav;mfcribbon-ms</Extensions>
    </Filter>
  </ItemGroup>
  <ItemGroup>
    <ClCompile Include="lol.cpp">
      <Filter>Source Files</Filter>
    </ClCompile>
    <ClCompile Include="lucid\window\wnd.cpp">
      <Filter>Source Files</Filter>
    </ClCompile>
    <ClCompile Include="lucid\graphics\graphics.cpp">
      <Filter>Source Files</Filter>
    </ClCompile>
    <ClCompile Include="lucid\renderer\renderer.cpp">
      <Filter>Source Files</Filter>
    </ClCompile>
    <ClCompile Include="lucid\lucid.cpp">
      <Filter>Source Files</Filter>
    </ClCompile>
    <ClCompile Include="lucid\input\input.cpp">
      <Filter>Source Files</Filter>
    </ClCompile>
    <ClCompile Include="lucid\framework\window.cpp">
      <Filter>Source Files</Filter>
    </ClCompile>
    <ClCompile Include="lucid\framework\helpers\dragging.cpp">
      <Filter>Source Files</Filter>
    </ClCompile>
    <ClCompile Include="lucid\framework\helpers\resizing.cpp">
      <Filter>Source Files</Filter>
    </ClCompile>
    <ClCompile Include="lucid\framework\group.cpp">
      <Filter>Source Files</Filter>
    </ClCompile>
    <ClCompile Include="lucid\framework\tabs.cpp">
      <Filter>Source Files</Filter>
    </ClCompile>
    <ClCompile Include="lucid\framework\elements\checkbox.cpp">
      <Filter>Source Files</Filter>
    </ClCompile>
    <ClCompile Include="lucid\framework\elements\label.cpp">
      <Filter>Source Files</Filter>
    </ClCompile>
    <ClCompile Include="lucid\framework\elements\popup.cpp">
      <Filter>Source Files</Filter>
    </ClCompile>
    <ClCompile Include="lucid\framework\elements\button.cpp">
      <Filter>Source Files</Filter>
    </ClCompile>
    <ClCompile Include="lucid\framework\elements\slider.cpp">
      <Filter>Source Files</Filter>
    </ClCompile>
  </ItemGroup>
  <ItemGroup>
    <ClInclude Include="lucid\lucid.h">
      <Filter>Header Files</Filter>
    </ClInclude>
    <ClInclude Include="lucid\window\wnd.h">
      <Filter>Header Files</Filter>
    </ClInclude>
    <ClInclude Include="lucid\graphics\graphics.h">
      <Filter>Header Files</Filter>
    </ClInclude>
    <ClInclude Include="lucid\renderer\vertex\vertex.h">
      <Filter>Header Files</Filter>
    </ClInclude>
    <ClInclude Include="lucid\renderer\color\color.h">
      <Filter>Header Files</Filter>
    </ClInclude>
    <ClInclude Include="lucid\renderer\renderer.h">
      <Filter>Header Files</Filter>
    </ClInclude>
    <ClInclude Include="lucid\renderer\vector\vector2d.h">
      <Filter>Header Files</Filter>
    </ClInclude>
    <ClInclude Include="lucid\renderer\vector\vector3d.h">
      <Filter>Header Files</Filter>
    </ClInclude>
    <ClInclude Include="lucid\renderer\drawdata\draw_data.h">
      <Filter>Header Files</Filter>
    </ClInclude>
    <ClInclude Include="lucid\renderer\drawdata\compiled_draw_data.h">
      <Filter>Header Files</Filter>
    </ClInclude>
    <ClInclude Include="lucid\renderer\matrix\matrix.h">
      <Filter>Header Files</Filter>
    </ClInclude>
    <ClInclude Include="lucid\renderer\vector\vector4d.h">
      <Filter>Header Files</Filter>
    </ClInclude>
    <ClInclude Include="lucid\input\input.h">
      <Filter>Header Files</Filter>
    </ClInclude>
    <ClInclude Include="lucid\renderer\font\font.h">
      <Filter>Header Files</Filter>
    </ClInclude>
    <ClInclude Include="lucid\framework\framework.h">
      <Filter>Header Files</Filter>
    </ClInclude>
    <ClInclude Include="lucid\renderer\textflags\text_flags.h">
      <Filter>Header Files</Filter>
    </ClInclude>
    <ClInclude Include="lucid\renderer\textinfo\text_info.h">
      <Filter>Header Files</Filter>
    </ClInclude>
    <ClInclude Include="lucid\renderer\clip\clip.h">
      <Filter>Header Files</Filter>
    </ClInclude>
    <ClInclude Include="lucid\renderer\vector\rect.h">
      <Filter>Header Files</Filter>
    </ClInclude>
  </ItemGroup>
</Project>